
Microsoft Visual Studio Solution File, Format Version 12.00
# Visual Studio Version 16
VisualStudioVersion = 16.0.29001.49
MinimumVisualStudioVersion = 10.0.40219.1
Project("{FAE04EC0-301F-11D3-BF4B-00C04F79EFBC}") = "OpenClosePrinciple", "OpenClosePrinciple\OpenClosePrinciple.csproj", "{1150782E-54C7-47C6-891E-1AE1AC68021E}"
EndProject
Global
	GlobalSection(SolutionConfigurationPlatforms) = preSolution
		Debug|Any CPU = Debug|Any CPU
		Release|Any CPU = Release|Any CPU
	EndGlobalSection
	GlobalSection(ProjectConfigurationPlatforms) = postSolution
		{1150782E-54C7-47C6-891E-1AE1AC68021E}.Debug|Any CPU.ActiveCfg = Debug|Any CPU
		{1150782E-54C7-47C6-891E-1AE1AC68021E}.Debug|Any CPU.Build.0 = Debug|Any CPU
		{1150782E-54C7-47C6-891E-1AE1AC68021E}.Release|Any CPU.ActiveCfg = Release|Any CPU
		{1150782E-54C7-47C6-891E-1AE1AC68021E}.Release|Any CPU.Build.0 = Release|Any CPU
	EndGlobalSection
	GlobalSection(SolutionProperties) = preSolution
		HideSolutionNode = FALSE
	EndGlobalSection
	GlobalSection(ExtensibilityGlobals) = postSolution
		SolutionGuid = {F5C3DC12-314F-44E5-94AC-672EC6F35E96}
	EndGlobalSection
EndGlobal
