
Microsoft Visual Studio Solution File, Format Version 12.00
# Visual Studio Version 16
VisualStudioVersion = 16.0.29001.49
MinimumVisualStudioVersion = 10.0.40219.1
Project("{FAE04EC0-301F-11D3-BF4B-00C04F79EFBC}") = "LiskovSubtitutionPrinciple", "LiskovSubtitutionPrinciple\LiskovSubtitutionPrinciple.csproj", "{D9804FEE-7350-4C7E-9938-2E55AF133960}"
EndProject
Global
	GlobalSection(SolutionConfigurationPlatforms) = preSolution
		Debug|Any CPU = Debug|Any CPU
		Release|Any CPU = Release|Any CPU
	EndGlobalSection
	GlobalSection(ProjectConfigurationPlatforms) = postSolution
		{D9804FEE-7350-4C7E-9938-2E55AF133960}.Debug|Any CPU.ActiveCfg = Debug|Any CPU
		{D9804FEE-7350-4C7E-9938-2E55AF133960}.Debug|Any CPU.Build.0 = Debug|Any CPU
		{D9804FEE-7350-4C7E-9938-2E55AF133960}.Release|Any CPU.ActiveCfg = Release|Any CPU
		{D9804FEE-7350-4C7E-9938-2E55AF133960}.Release|Any CPU.Build.0 = Release|Any CPU
	EndGlobalSection
	GlobalSection(SolutionProperties) = preSolution
		HideSolutionNode = FALSE
	EndGlobalSection
	GlobalSection(ExtensibilityGlobals) = postSolution
		SolutionGuid = {9B91AFA8-56AB-44D2-89DD-9D411A621812}
	EndGlobalSection
EndGlobal
