
Microsoft Visual Studio Solution File, Format Version 12.00
# Visual Studio Version 16
VisualStudioVersion = 16.0.29001.49
MinimumVisualStudioVersion = 10.0.40219.1
Project("{FAE04EC0-301F-11D3-BF4B-00C04F79EFBC}") = "Proxy.Protection", "Proxy.Protection\Proxy.Protection.csproj", "{4F67139A-53AB-4F51-BB51-9240D3731F73}"
EndProject
Project("{FAE04EC0-301F-11D3-BF4B-00C04F79EFBC}") = "Proxy.Property", "Proxy.Property\Proxy.Property.csproj", "{481D3254-F52F-4727-8BFD-74E12DE76244}"
EndProject
Project("{FAE04EC0-301F-11D3-BF4B-00C04F79EFBC}") = "Proxy.Value", "Proxy.Value\Proxy.Value.csproj", "{4E6C2311-182C-437B-8736-67722CEEC66B}"
EndProject
Global
	GlobalSection(SolutionConfigurationPlatforms) = preSolution
		Debug|Any CPU = Debug|Any CPU
		Release|Any CPU = Release|Any CPU
	EndGlobalSection
	GlobalSection(ProjectConfigurationPlatforms) = postSolution
		{4F67139A-53AB-4F51-BB51-9240D3731F73}.Debug|Any CPU.ActiveCfg = Debug|Any CPU
		{4F67139A-53AB-4F51-BB51-9240D3731F73}.Debug|Any CPU.Build.0 = Debug|Any CPU
		{4F67139A-53AB-4F51-BB51-9240D3731F73}.Release|Any CPU.ActiveCfg = Release|Any CPU
		{4F67139A-53AB-4F51-BB51-9240D3731F73}.Release|Any CPU.Build.0 = Release|Any CPU
		{481D3254-F52F-4727-8BFD-74E12DE76244}.Debug|Any CPU.ActiveCfg = Debug|Any CPU
		{481D3254-F52F-4727-8BFD-74E12DE76244}.Debug|Any CPU.Build.0 = Debug|Any CPU
		{481D3254-F52F-4727-8BFD-74E12DE76244}.Release|Any CPU.ActiveCfg = Release|Any CPU
		{481D3254-F52F-4727-8BFD-74E12DE76244}.Release|Any CPU.Build.0 = Release|Any CPU
		{4E6C2311-182C-437B-8736-67722CEEC66B}.Debug|Any CPU.ActiveCfg = Debug|Any CPU
		{4E6C2311-182C-437B-8736-67722CEEC66B}.Debug|Any CPU.Build.0 = Debug|Any CPU
		{4E6C2311-182C-437B-8736-67722CEEC66B}.Release|Any CPU.ActiveCfg = Release|Any CPU
		{4E6C2311-182C-437B-8736-67722CEEC66B}.Release|Any CPU.Build.0 = Release|Any CPU
	EndGlobalSection
	GlobalSection(SolutionProperties) = preSolution
		HideSolutionNode = FALSE
	EndGlobalSection
	GlobalSection(ExtensibilityGlobals) = postSolution
		SolutionGuid = {62A281FF-9056-426A-9038-6DAC91E65585}
	EndGlobalSection
EndGlobal
