
Microsoft Visual Studio Solution File, Format Version 12.00
# Visual Studio Version 16
VisualStudioVersion = 16.0.29001.49
MinimumVisualStudioVersion = 10.0.40219.1
Project("{FAE04EC0-301F-11D3-BF4B-00C04F79EFBC}") = "Memento", "Memento\Memento.csproj", "{EB8B53C8-1874-4805-8C00-610C1AECF4D2}"
EndProject
Global
	GlobalSection(SolutionConfigurationPlatforms) = preSolution
		Debug|Any CPU = Debug|Any CPU
		Release|Any CPU = Release|Any CPU
	EndGlobalSection
	GlobalSection(ProjectConfigurationPlatforms) = postSolution
		{EB8B53C8-1874-4805-8C00-610C1AECF4D2}.Debug|Any CPU.ActiveCfg = Debug|Any CPU
		{EB8B53C8-1874-4805-8C00-610C1AECF4D2}.Debug|Any CPU.Build.0 = Debug|Any CPU
		{EB8B53C8-1874-4805-8C00-610C1AECF4D2}.Release|Any CPU.ActiveCfg = Release|Any CPU
		{EB8B53C8-1874-4805-8C00-610C1AECF4D2}.Release|Any CPU.Build.0 = Release|Any CPU
	EndGlobalSection
	GlobalSection(SolutionProperties) = preSolution
		HideSolutionNode = FALSE
	EndGlobalSection
	GlobalSection(ExtensibilityGlobals) = postSolution
		SolutionGuid = {C35D5598-DF6C-4791-B415-5FA3695A7332}
	EndGlobalSection
EndGlobal
