
Microsoft Visual Studio Solution File, Format Version 12.00
# Visual Studio Version 16
VisualStudioVersion = 16.0.29001.49
MinimumVisualStudioVersion = 10.0.40219.1
Project("{FAE04EC0-301F-11D3-BF4B-00C04F79EFBC}") = "Adapter", "Adapter\Adapter.csproj", "{D55A83E2-784F-42BE-BAAE-AE6A5B5F355E}"
EndProject
Global
	GlobalSection(SolutionConfigurationPlatforms) = preSolution
		Debug|Any CPU = Debug|Any CPU
		Release|Any CPU = Release|Any CPU
	EndGlobalSection
	GlobalSection(ProjectConfigurationPlatforms) = postSolution
		{D55A83E2-784F-42BE-BAAE-AE6A5B5F355E}.Debug|Any CPU.ActiveCfg = Debug|Any CPU
		{D55A83E2-784F-42BE-BAAE-AE6A5B5F355E}.Debug|Any CPU.Build.0 = Debug|Any CPU
		{D55A83E2-784F-42BE-BAAE-AE6A5B5F355E}.Release|Any CPU.ActiveCfg = Release|Any CPU
		{D55A83E2-784F-42BE-BAAE-AE6A5B5F355E}.Release|Any CPU.Build.0 = Release|Any CPU
	EndGlobalSection
	GlobalSection(SolutionProperties) = preSolution
		HideSolutionNode = FALSE
	EndGlobalSection
	GlobalSection(ExtensibilityGlobals) = postSolution
		SolutionGuid = {096FC8AE-DEE3-458B-BB03-9AF40FD4229E}
	EndGlobalSection
EndGlobal
